
Microsoft Visual Studio Solution File, Format Version 12.00
# Visual Studio Version 17
VisualStudioVersion = 17.13.35825.156 d17.13
MinimumVisualStudioVersion = 10.0.40219.1
Project("{FAE04EC0-301F-11D3-BF4B-00C04F79EFBC}") = "modul6_2211104030", "modul6_2211104030.csproj", "{3B42AF03-5C9A-47D3-899D-18B044389622}"
EndProject
Global
	GlobalSection(SolutionConfigurationPlatforms) = preSolution
		Debug|Any CPU = Debug|Any CPU
		Release|Any CPU = Release|Any CPU
	EndGlobalSection
	GlobalSection(ProjectConfigurationPlatforms) = postSolution
		{3B42AF03-5C9A-47D3-899D-18B044389622}.Debug|Any CPU.ActiveCfg = Debug|Any CPU
		{3B42AF03-5C9A-47D3-899D-18B044389622}.Debug|Any CPU.Build.0 = Debug|Any CPU
		{3B42AF03-5C9A-47D3-899D-18B044389622}.Release|Any CPU.ActiveCfg = Release|Any CPU
		{3B42AF03-5C9A-47D3-899D-18B044389622}.Release|Any CPU.Build.0 = Release|Any CPU
	EndGlobalSection
	GlobalSection(SolutionProperties) = preSolution
		HideSolutionNode = FALSE
	EndGlobalSection
	GlobalSection(ExtensibilityGlobals) = postSolution
		SolutionGuid = {1CC1C99B-88C6-42E6-9379-A1D4746BAD65}
	EndGlobalSection
EndGlobal
